{
  "name": "books",
  "lockfileVersion": 2,
  "requires": true,
  "packages": {
    "": {
      "dependencies": {
        "jquery.fancytable": "^1.0.33"
      }
    },
    "node_modules/jquery.fancytable": {
      "version": "1.0.33",
      "resolved": "https://registry.npmjs.org/jquery.fancytable/-/jquery.fancytable-1.0.33.tgz",
      "integrity": "sha512-MzoBv4a6y1Ab6RGv4NNpaLKEvDihHX6UNkugID78sWSCXrFL0HPUOZ89Z6RdQ8vEUC1NMY/YBKoBNAFnQxdbeg=="
    }
  },
  "dependencies": {
    "jquery.fancytable": {
      "version": "1.0.33",
      "resolved": "https://registry.npmjs.org/jquery.fancytable/-/jquery.fancytable-1.0.33.tgz",
      "integrity": "sha512-MzoBv4a6y1Ab6RGv4NNpaLKEvDihHX6UNkugID78sWSCXrFL0HPUOZ89Z6RdQ8vEUC1NMY/YBKoBNAFnQxdbeg=="
    }
  }
}
